<?xml version="1.0" encoding="utf-8"?>
<Project ToolsVersion="4.0" xmlns="http://schemas.microsoft.com/developer/msbuild/2003">
  <ItemGroup>
    <Filter Include="Source Files">
      <UniqueIdentifier>{07c100c9-5e23-474d-bddf-2645e88b0949}</UniqueIdentifier>
    </Filter>
    <Filter Include="Resources">
      <UniqueIdentifier>{f2c26fcf-c9cb-4af7-a1c3-fc3e52354ee0}</UniqueIdentifier>
    </Filter>
    <Filter Include="Header Files">
      <UniqueIdentifier>{dde4aaf0-0660-4bc9-a326-c1771874a927}</UniqueIdentifier>
    </Filter>
  </ItemGroup>
  <ItemGroup>
    <ClCompile Include="nvtristrip.cpp">
      <Filter>Source Files</Filter>
    </ClCompile>
    <ClCompile Include="nvtristripobjects.cpp">
      <Filter>Source Files</Filter>
    </ClCompile>
  </ItemGroup>
  <ItemGroup>
    <None Include="nvtristriplib.vpc">
      <Filter>Resources</Filter>
    </None>
  </ItemGroup>
  <ItemGroup>
    <ClInclude Include="nvtristrip.h">
      <Filter>Header Files</Filter>
    </ClInclude>
    <ClInclude Include="nvtristripobjects.h">
      <Filter>Header Files</Filter>
    </ClInclude>
    <ClInclude Include="vertexcache.h">
      <Filter>Header Files</Filter>
    </ClInclude>
  </ItemGroup>
</Project>