<?xml version="1.0" encoding="utf-8"?>
<Project ToolsVersion="4.0" xmlns="http://schemas.microsoft.com/developer/msbuild/2003">
  <ItemGroup>
    <Filter Include="Source Files">
      <UniqueIdentifier>{004736bd-b58b-4bd1-8be5-64c8531d3a4b}</UniqueIdentifier>
    </Filter>
    <Filter Include="Link Libraries">
      <UniqueIdentifier>{9a29ac4a-6888-4da7-bad8-09c5c03235f2}</UniqueIdentifier>
    </Filter>
    <Filter Include="Resources">
      <UniqueIdentifier>{51489603-2892-4e91-8015-5920fb7edc5c}</UniqueIdentifier>
    </Filter>
    <Filter Include="Header Files">
      <UniqueIdentifier>{ebf2d9bf-34e9-4979-bb73-a485101f65b5}</UniqueIdentifier>
    </Filter>
  </ItemGroup>
  <ItemGroup>
    <ClCompile Include="..\public\tier0\memoverride.cpp">
      <Filter>Source Files</Filter>
    </ClCompile>
    <ClCompile Include="p4.cpp">
      <Filter>Source Files</Filter>
    </ClCompile>
  </ItemGroup>
  <ItemGroup>
    <Library Include="..\lib\common\libclient.lib">
      <Filter>Link Libraries</Filter>
    </Library>
    <Library Include="..\lib\common\librpc.lib">
      <Filter>Link Libraries</Filter>
    </Library>
    <Library Include="..\lib\common\libsupp.lib">
      <Filter>Link Libraries</Filter>
    </Library>
    <Library Include="..\lib\public\tier0.lib">
      <Filter>Link Libraries</Filter>
    </Library>
    <Library Include="..\lib\public\tier1.lib">
      <Filter>Link Libraries</Filter>
    </Library>
    <Library Include="..\lib\public\vstdlib.lib">
      <Filter>Link Libraries</Filter>
    </Library>
  </ItemGroup>
  <ItemGroup>
    <None Include="p4lib.vpc">
      <Filter>Resources</Filter>
    </None>
  </ItemGroup>
  <ItemGroup>
    <ClInclude Include="..\public\p4lib\ip4.h">
      <Filter>Header Files</Filter>
    </ClInclude>
  </ItemGroup>
</Project>