<?xml version="1.0" encoding="utf-8"?>
<Project ToolsVersion="4.0" xmlns="http://schemas.microsoft.com/developer/msbuild/2003">
  <ItemGroup>
    <Filter Include="Source Files">
      <UniqueIdentifier>{a180ee8c-891f-46e7-a4df-41ccbd5b7939}</UniqueIdentifier>
    </Filter>
    <Filter Include="Resources">
      <UniqueIdentifier>{aaabefe7-408c-4613-829e-5371872889b9}</UniqueIdentifier>
    </Filter>
    <Filter Include="Header Files">
      <UniqueIdentifier>{422227e7-f42e-498f-a596-7020f4691bb3}</UniqueIdentifier>
    </Filter>
    <Filter Include="Link Libraries">
      <UniqueIdentifier>{3bf244a4-994a-4f21-8935-9835b481a1da}</UniqueIdentifier>
    </Filter>
  </ItemGroup>
  <ItemGroup>
    <ClCompile Include="..\..\public\filesystem_init.cpp">
      <Filter>Source Files</Filter>
    </ClCompile>
    <ClCompile Include="..\common\filesystem_tools.cpp">
      <Filter>Source Files</Filter>
    </ClCompile>
    <ClCompile Include="iphelpers.cpp">
      <Filter>Source Files</Filter>
    </ClCompile>
    <ClCompile Include="loopback_channel.cpp">
      <Filter>Source Files</Filter>
    </ClCompile>
    <ClCompile Include="messbuf.cpp">
      <Filter>Source Files</Filter>
    </ClCompile>
    <ClCompile Include="ThreadedTCPSocket.cpp">
      <Filter>Source Files</Filter>
    </ClCompile>
    <ClCompile Include="ThreadedTCPSocketEmu.cpp">
      <Filter>Source Files</Filter>
    </ClCompile>
    <ClCompile Include="threadhelpers.cpp">
      <Filter>Source Files</Filter>
    </ClCompile>
    <ClCompile Include="vmpi.cpp">
      <Filter>Source Files</Filter>
    </ClCompile>
    <ClCompile Include="vmpi_distribute_tracker.cpp">
      <Filter>Source Files</Filter>
    </ClCompile>
    <ClCompile Include="vmpi_distribute_work.cpp">
      <Filter>Source Files</Filter>
    </ClCompile>
    <ClCompile Include="vmpi_distribute_work_default.cpp">
      <Filter>Source Files</Filter>
    </ClCompile>
    <ClCompile Include="vmpi_distribute_work_sdk.cpp">
      <Filter>Source Files</Filter>
    </ClCompile>
    <ClCompile Include="vmpi_filesystem.cpp">
      <Filter>Source Files</Filter>
    </ClCompile>
    <ClCompile Include="vmpi_filesystem_master.cpp">
      <Filter>Source Files</Filter>
    </ClCompile>
    <ClCompile Include="vmpi_filesystem_worker.cpp">
      <Filter>Source Files</Filter>
    </ClCompile>
  </ItemGroup>
  <ItemGroup>
    <ClInclude Include="vmpi_filesystem_internal.h">
      <Filter>Source Files</Filter>
    </ClInclude>
    <ClInclude Include="..\..\public\tier1\bitbuf.h">
      <Filter>Header Files</Filter>
    </ClInclude>
    <ClInclude Include="ichannel.h">
      <Filter>Header Files</Filter>
    </ClInclude>
    <ClInclude Include="iphelpers.h">
      <Filter>Header Files</Filter>
    </ClInclude>
    <ClInclude Include="IThreadedTCPSocket.h">
      <Filter>Header Files</Filter>
    </ClInclude>
    <ClInclude Include="loopback_channel.h">
      <Filter>Header Files</Filter>
    </ClInclude>
    <ClInclude Include="messbuf.h">
      <Filter>Header Files</Filter>
    </ClInclude>
    <ClInclude Include="tcpsocket.h">
      <Filter>Header Files</Filter>
    </ClInclude>
    <ClInclude Include="ThreadedTCPSocketEmu.h">
      <Filter>Header Files</Filter>
    </ClInclude>
    <ClInclude Include="threadhelpers.h">
      <Filter>Header Files</Filter>
    </ClInclude>
    <ClInclude Include="vmpi.h">
      <Filter>Header Files</Filter>
    </ClInclude>
    <ClInclude Include="vmpi_defs.h">
      <Filter>Header Files</Filter>
    </ClInclude>
    <ClInclude Include="vmpi_filesystem.h">
      <Filter>Header Files</Filter>
    </ClInclude>
  </ItemGroup>
  <ItemGroup>
    <None Include="vmpi.vpc">
      <Filter>Resources</Filter>
    </None>
  </ItemGroup>
  <ItemGroup>
    <Library Include="ZLib.lib">
      <Filter>Link Libraries</Filter>
    </Library>
  </ItemGroup>
</Project>