<?xml version="1.0" encoding="utf-8"?>
<Project ToolsVersion="4.0" xmlns="http://schemas.microsoft.com/developer/msbuild/2003">
  <ItemGroup>
    <Filter Include="Source Files">
      <UniqueIdentifier>{725b4563-051b-403d-90e3-302ba893acd6}</UniqueIdentifier>
    </Filter>
    <Filter Include="Link Libraries">
      <UniqueIdentifier>{e1f666e8-564a-4bae-9c0e-3892d9a0c16c}</UniqueIdentifier>
    </Filter>
    <Filter Include="Resources">
      <UniqueIdentifier>{639f84a1-2510-4026-9281-37ed6618b310}</UniqueIdentifier>
    </Filter>
    <Filter Include="DirectX Header Files">
      <UniqueIdentifier>{12ff832a-c343-4e59-9c56-57ad8f416a97}</UniqueIdentifier>
    </Filter>
    <Filter Include="Public Header Files">
      <UniqueIdentifier>{c6aa1993-097e-4f44-9219-4b02f53175ac}</UniqueIdentifier>
    </Filter>
    <Filter Include="Header Files">
      <UniqueIdentifier>{b784fc6d-8123-4e02-96b8-0660188a4ba9}</UniqueIdentifier>
    </Filter>
  </ItemGroup>
  <ItemGroup>
    <ClCompile Include="colorformatdx8.cpp">
      <Filter>Source Files</Filter>
    </ClCompile>
    <ClCompile Include="cvballoctracker.cpp">
      <Filter>Source Files</Filter>
    </ClCompile>
    <ClCompile Include="d3d_async.cpp">
      <Filter>Source Files</Filter>
    </ClCompile>
    <ClCompile Include="..\..\public\filesystem_helpers.cpp">
      <Filter>Source Files</Filter>
    </ClCompile>
    <ClCompile Include="hardwareconfig.cpp">
      <Filter>Source Files</Filter>
    </ClCompile>
    <ClCompile Include="inputlayoutdx10.cpp">
      <Filter>Source Files</Filter>
    </ClCompile>
    <ClCompile Include="..\..\public\tier0\memoverride.cpp">
      <Filter>Source Files</Filter>
    </ClCompile>
    <ClCompile Include="meshbase.cpp">
      <Filter>Source Files</Filter>
    </ClCompile>
    <ClCompile Include="meshdx10.cpp">
      <Filter>Source Files</Filter>
    </ClCompile>
    <ClCompile Include="meshdx8.cpp">
      <Filter>Source Files</Filter>
    </ClCompile>
    <ClCompile Include="recording.cpp">
      <Filter>Source Files</Filter>
    </ClCompile>
    <ClCompile Include="shaderapibase.cpp">
      <Filter>Source Files</Filter>
    </ClCompile>
    <ClCompile Include="shaderapidx10.cpp">
      <Filter>Source Files</Filter>
    </ClCompile>
    <ClCompile Include="shaderapidx8.cpp">
      <Filter>Source Files</Filter>
    </ClCompile>
    <ClCompile Include="shaderdevicebase.cpp">
      <Filter>Source Files</Filter>
    </ClCompile>
    <ClCompile Include="shaderdevicedx10.cpp">
      <Filter>Source Files</Filter>
    </ClCompile>
    <ClCompile Include="shaderdevicedx8.cpp">
      <Filter>Source Files</Filter>
    </ClCompile>
    <ClCompile Include="shadershadowdx10.cpp">
      <Filter>Source Files</Filter>
    </ClCompile>
    <ClCompile Include="shadershadowdx8.cpp">
      <Filter>Source Files</Filter>
    </ClCompile>
    <ClCompile Include="texturedx8.cpp">
      <Filter>Source Files</Filter>
    </ClCompile>
    <ClCompile Include="TransitionTable.cpp">
      <Filter>Source Files</Filter>
    </ClCompile>
    <ClCompile Include="vertexdecl.cpp">
      <Filter>Source Files</Filter>
    </ClCompile>
    <ClCompile Include="vertexshaderdx8.cpp">
      <Filter>Source Files</Filter>
    </ClCompile>
    <ClCompile Include="wmi.cpp">
      <Filter>Source Files</Filter>
    </ClCompile>
  </ItemGroup>
  <ItemGroup>
    <Library Include="..\..\lib\public\bitmap.lib">
      <Filter>Link Libraries</Filter>
    </Library>
    <Library Include="..\..\lib\common\vc7\bzip2.lib">
      <Filter>Link Libraries</Filter>
    </Library>
    <Library Include="..\..\dx10sdk\lib\x86\d3d10.lib">
      <Filter>Link Libraries</Filter>
    </Library>
    <Library Include="..\..\dx10sdk\lib\x86\d3d9.lib">
      <Filter>Link Libraries</Filter>
    </Library>
    <Library Include="..\..\dx10sdk\lib\x86\dxgi.lib">
      <Filter>Link Libraries</Filter>
    </Library>
    <Library Include="..\..\lib\public\mathlib.lib">
      <Filter>Link Libraries</Filter>
    </Library>
    <Library Include="..\..\lib\public\tier0.lib">
      <Filter>Link Libraries</Filter>
    </Library>
    <Library Include="..\..\lib\public\tier1.lib">
      <Filter>Link Libraries</Filter>
    </Library>
    <Library Include="..\..\lib\public\tier2.lib">
      <Filter>Link Libraries</Filter>
    </Library>
    <Library Include="..\..\lib\public\vstdlib.lib">
      <Filter>Link Libraries</Filter>
    </Library>
  </ItemGroup>
  <ItemGroup>
    <None Include="shaderapidx10.vpc">
      <Filter>Resources</Filter>
    </None>
    <None Include="..\..\dx10sdk\Include\D3DX10math.inl">
      <Filter>DirectX Header Files</Filter>
    </None>
  </ItemGroup>
  <ItemGroup>
    <ClInclude Include="..\..\dx10sdk\Include\D3D10.h">
      <Filter>DirectX Header Files</Filter>
    </ClInclude>
    <ClInclude Include="..\..\dx10sdk\Include\D3DX10.h">
      <Filter>DirectX Header Files</Filter>
    </ClInclude>
    <ClInclude Include="..\..\dx10sdk\Include\D3DX10core.h">
      <Filter>DirectX Header Files</Filter>
    </ClInclude>
    <ClInclude Include="..\..\dx10sdk\Include\D3DX10math.h">
      <Filter>DirectX Header Files</Filter>
    </ClInclude>
    <ClInclude Include="..\..\dx10sdk\Include\D3DX10mesh.h">
      <Filter>DirectX Header Files</Filter>
    </ClInclude>
    <ClInclude Include="..\..\dx10sdk\Include\D3DX10tex.h">
      <Filter>DirectX Header Files</Filter>
    </ClInclude>
    <ClInclude Include="..\..\public\materialsystem\idebugtextureinfo.h">
      <Filter>Public Header Files</Filter>
    </ClInclude>
    <ClInclude Include="..\..\public\shaderapi\ishaderapi.h">
      <Filter>Public Header Files</Filter>
    </ClInclude>
    <ClInclude Include="..\..\public\shaderapi\IShaderDevice.h">
      <Filter>Public Header Files</Filter>
    </ClInclude>
    <ClInclude Include="..\..\public\shaderapi\ishaderdynamic.h">
      <Filter>Public Header Files</Filter>
    </ClInclude>
    <ClInclude Include="..\..\public\shaderapi\ishadershadow.h">
      <Filter>Public Header Files</Filter>
    </ClInclude>
    <ClInclude Include="..\..\public\shaderapi\ishaderutil.h">
      <Filter>Public Header Files</Filter>
    </ClInclude>
    <ClInclude Include="..\..\public\materialsystem\ivballoctracker.h">
      <Filter>Public Header Files</Filter>
    </ClInclude>
    <ClInclude Include="..\..\public\materialsystem\shader_vcs_version.h">
      <Filter>Public Header Files</Filter>
    </ClInclude>
    <ClInclude Include="CMaterialSystemStats.h">
      <Filter>Header Files</Filter>
    </ClInclude>
    <ClInclude Include="colorformatdx8.h">
      <Filter>Header Files</Filter>
    </ClInclude>
    <ClInclude Include="d3d_async.h">
      <Filter>Header Files</Filter>
    </ClInclude>
    <ClInclude Include="dynamicib.h">
      <Filter>Header Files</Filter>
    </ClInclude>
    <ClInclude Include="dynamicvb.h">
      <Filter>Header Files</Filter>
    </ClInclude>
    <ClInclude Include="hardwareconfig.h">
      <Filter>Header Files</Filter>
    </ClInclude>
    <ClInclude Include="imeshdx8.h">
      <Filter>Header Files</Filter>
    </ClInclude>
    <ClInclude Include="inputlayoutdx10.h">
      <Filter>Header Files</Filter>
    </ClInclude>
    <ClInclude Include="locald3dtypes.h">
      <Filter>Header Files</Filter>
    </ClInclude>
    <ClInclude Include="meshbase.h">
      <Filter>Header Files</Filter>
    </ClInclude>
    <ClInclude Include="meshdx10.h">
      <Filter>Header Files</Filter>
    </ClInclude>
    <ClInclude Include="recording.h">
      <Filter>Header Files</Filter>
    </ClInclude>
    <ClInclude Include="shaderapi_global.h">
      <Filter>Header Files</Filter>
    </ClInclude>
    <ClInclude Include="shaderapibase.h">
      <Filter>Header Files</Filter>
    </ClInclude>
    <ClInclude Include="shaderapidx10.h">
      <Filter>Header Files</Filter>
    </ClInclude>
    <ClInclude Include="shaderapidx10_global.h">
      <Filter>Header Files</Filter>
    </ClInclude>
    <ClInclude Include="shaderapidx8.h">
      <Filter>Header Files</Filter>
    </ClInclude>
    <ClInclude Include="shaderapidx8_global.h">
      <Filter>Header Files</Filter>
    </ClInclude>
    <ClInclude Include="shaderdevicebase.h">
      <Filter>Header Files</Filter>
    </ClInclude>
    <ClInclude Include="shaderdevicedx10.h">
      <Filter>Header Files</Filter>
    </ClInclude>
    <ClInclude Include="ShaderShadowDx10.h">
      <Filter>Header Files</Filter>
    </ClInclude>
    <ClInclude Include="shadershadowdx8.h">
      <Filter>Header Files</Filter>
    </ClInclude>
    <ClInclude Include="stubd3ddevice.h">
      <Filter>Header Files</Filter>
    </ClInclude>
    <ClInclude Include="texturedx8.h">
      <Filter>Header Files</Filter>
    </ClInclude>
    <ClInclude Include="TransitionTable.h">
      <Filter>Header Files</Filter>
    </ClInclude>
    <ClInclude Include="vertexdecl.h">
      <Filter>Header Files</Filter>
    </ClInclude>
    <ClInclude Include="vertexshaderdx8.h">
      <Filter>Header Files</Filter>
    </ClInclude>
    <ClInclude Include="wmi.h">
      <Filter>Header Files</Filter>
    </ClInclude>
  </ItemGroup>
  <ItemGroup>
    <CustomBuild Include="..\..\dx10sdk\lib\x86\d3dx10.lib">
      <Filter>Link Libraries</Filter>
    </CustomBuild>
    <CustomBuild Include="..\..\dx10sdk\lib\x86\d3dx10d.lib">
      <Filter>Link Libraries</Filter>
    </CustomBuild>
    <CustomBuild Include="..\..\dx10sdk\lib\x86\d3dx9.lib">
      <Filter>Link Libraries</Filter>
    </CustomBuild>
    <CustomBuild Include="..\..\dx10sdk\lib\x86\d3dx9d.lib">
      <Filter>Link Libraries</Filter>
    </CustomBuild>
  </ItemGroup>
</Project>