<?xml version="1.0" encoding="utf-8"?>
<Project ToolsVersion="4.0" xmlns="http://schemas.microsoft.com/developer/msbuild/2003">
  <ItemGroup>
    <Filter Include="Source Files">
      <UniqueIdentifier>{a3850536-aa4b-4c25-ac19-64b2c8f9860d}</UniqueIdentifier>
    </Filter>
    <Filter Include="Resources">
      <UniqueIdentifier>{d6ced52f-9092-4cc8-8e3a-b1853a9b8efc}</UniqueIdentifier>
    </Filter>
    <Filter Include="Header Files">
      <UniqueIdentifier>{393ef8ff-b98c-4e3a-9221-267036b20ece}</UniqueIdentifier>
    </Filter>
  </ItemGroup>
  <ItemGroup>
    <ClCompile Include="dmebaseimporter.cpp">
      <Filter>Source Files</Filter>
    </ClCompile>
    <ClCompile Include="dmserializers.cpp">
      <Filter>Source Files</Filter>
    </ClCompile>
    <ClCompile Include="importactbusy.cpp">
      <Filter>Source Files</Filter>
    </ClCompile>
    <ClCompile Include="importkeyvaluebase.cpp">
      <Filter>Source Files</Filter>
    </ClCompile>
    <ClCompile Include="importsfmv1.cpp">
      <Filter>Source Files</Filter>
    </ClCompile>
    <ClCompile Include="importsfmv2.cpp">
      <Filter>Source Files</Filter>
    </ClCompile>
    <ClCompile Include="importsfmv3.cpp">
      <Filter>Source Files</Filter>
    </ClCompile>
    <ClCompile Include="importsfmv4.cpp">
      <Filter>Source Files</Filter>
    </ClCompile>
    <ClCompile Include="importsfmv5.cpp">
      <Filter>Source Files</Filter>
    </ClCompile>
    <ClCompile Include="importsfmv6.cpp">
      <Filter>Source Files</Filter>
    </ClCompile>
    <ClCompile Include="importsfmv7.cpp">
      <Filter>Source Files</Filter>
    </ClCompile>
    <ClCompile Include="importsfmv8.cpp">
      <Filter>Source Files</Filter>
    </ClCompile>
    <ClCompile Include="importsfmv9.cpp">
      <Filter>Source Files</Filter>
    </ClCompile>
    <ClCompile Include="importvmf.cpp">
      <Filter>Source Files</Filter>
    </ClCompile>
    <ClCompile Include="importvmt.cpp">
      <Filter>Source Files</Filter>
    </ClCompile>
  </ItemGroup>
  <ItemGroup>
    <None Include="dmserializers.vpc">
      <Filter>Resources</Filter>
    </None>
  </ItemGroup>
  <ItemGroup>
    <ClInclude Include="dmebaseimporter.h">
      <Filter>Header Files</Filter>
    </ClInclude>
    <ClInclude Include="dmserializers.h">
      <Filter>Header Files</Filter>
    </ClInclude>
    <ClInclude Include="..\public\dmserializers\idmserializers.h">
      <Filter>Header Files</Filter>
    </ClInclude>
    <ClInclude Include="importkeyvaluebase.h">
      <Filter>Header Files</Filter>
    </ClInclude>
  </ItemGroup>
</Project>