<?xml version="1.0" encoding="utf-8"?>
<Project ToolsVersion="4.0" xmlns="http://schemas.microsoft.com/developer/msbuild/2003">
  <ItemGroup>
    <Filter Include="Source Files">
      <UniqueIdentifier>{4f489820-13c4-44fb-a7a9-b341278c2bdf}</UniqueIdentifier>
    </Filter>
    <Filter Include="Link Libraries">
      <UniqueIdentifier>{8a0b8987-0593-4a37-9d3a-4f56b9c2aac8}</UniqueIdentifier>
    </Filter>
    <Filter Include="Link Libraries\Maya">
      <UniqueIdentifier>{742ffde2-7bfd-43ec-8c50-103c88ed08d5}</UniqueIdentifier>
    </Filter>
    <Filter Include="Resources">
      <UniqueIdentifier>{7f1e4d8c-6ebc-4d1a-b801-c7bab99f74ce}</UniqueIdentifier>
    </Filter>
    <Filter Include="Header Files">
      <UniqueIdentifier>{82123c32-2eb6-4563-8dc5-e03363b5053c}</UniqueIdentifier>
    </Filter>
    <Filter Include="external">
      <UniqueIdentifier>{23585599-bf0b-4e43-98c9-88675e19ada7}</UniqueIdentifier>
    </Filter>
    <Filter Include="mel">
      <UniqueIdentifier>{c8bf9257-23c8-4dd1-9bff-bf77257241e8}</UniqueIdentifier>
    </Filter>
  </ItemGroup>
  <ItemGroup>
    <ClCompile Include="CVsDmxIOCmd.cpp">
      <Filter>Source Files</Filter>
    </ClCompile>
    <ClCompile Include="CVsDmxIOTranslator.cpp">
      <Filter>Source Files</Filter>
    </ClCompile>
    <ClCompile Include="DmeExport.cpp">
      <Filter>Source Files</Filter>
    </ClCompile>
    <ClCompile Include="DmeImport.cpp">
      <Filter>Source Files</Filter>
    </ClCompile>
    <ClCompile Include="..\..\..\public\tier0\memoverride.cpp">
      <Filter>Source Files</Filter>
    </ClCompile>
    <ClCompile Include="vsDmxIOInit.cpp">
      <Filter>Source Files</Filter>
    </ClCompile>
    <ClCompile Include="..\..\..\public\interpolatortypes.cpp">
      <Filter>external</Filter>
    </ClCompile>
    <ClCompile Include="..\..\..\public\movieobjects\movieobjects.cpp">
      <Filter>external</Filter>
    </ClCompile>
    <ClCompile Include="..\..\..\public\vgui_controls\vgui_controls.cpp">
      <Filter>external</Filter>
    </ClCompile>
  </ItemGroup>
  <ItemGroup>
    <Library Include="..\..\..\lib\public\datamodel.lib">
      <Filter>Link Libraries</Filter>
    </Library>
    <Library Include="..\..\..\lib\public\dmserializers.lib">
      <Filter>Link Libraries</Filter>
    </Library>
    <Library Include="..\..\..\lib\public\mathlib.lib">
      <Filter>Link Libraries</Filter>
    </Library>
    <Library Include="..\..\..\lib\public\movieobjects.lib">
      <Filter>Link Libraries</Filter>
    </Library>
    <Library Include="..\..\..\lib\public\tier0.lib">
      <Filter>Link Libraries</Filter>
    </Library>
    <Library Include="..\..\..\lib\public\tier1.lib">
      <Filter>Link Libraries</Filter>
    </Library>
    <Library Include="..\..\..\lib\public\tier2.lib">
      <Filter>Link Libraries</Filter>
    </Library>
    <Library Include="..\..\..\lib\public\tier3.lib">
      <Filter>Link Libraries</Filter>
    </Library>
    <Library Include="..\..\..\lib\public\maya\7.0\valveMaya.lib">
      <Filter>Link Libraries</Filter>
    </Library>
    <Library Include="..\..\..\lib\public\vgui_controls.lib">
      <Filter>Link Libraries</Filter>
    </Library>
    <Library Include="..\..\..\lib\public\vstdlib.lib">
      <Filter>Link Libraries</Filter>
    </Library>
    <Library Include="..\..\..\lib\common\maya\7.0\Foundation.lib">
      <Filter>Link Libraries\Maya</Filter>
    </Library>
    <Library Include="..\..\..\lib\common\maya\7.0\OpenMaya.lib">
      <Filter>Link Libraries\Maya</Filter>
    </Library>
    <Library Include="..\..\..\lib\common\maya\7.0\OpenMayaAnim.lib">
      <Filter>Link Libraries\Maya</Filter>
    </Library>
  </ItemGroup>
  <ItemGroup>
    <None Include="vsDmxIO_Maya7.vpc">
      <Filter>Resources</Filter>
    </None>
    <None Include="..\..\..\..\game\sdktools\maya\7.0\modules\valvesource\scripts\vsDmxIOTranslatorOptions.mel">
      <Filter>mel</Filter>
    </None>
  </ItemGroup>
  <ItemGroup>
    <ClInclude Include="DmeExport.h">
      <Filter>Header Files</Filter>
    </ClInclude>
    <ClInclude Include="DmeImport.h">
      <Filter>Header Files</Filter>
    </ClInclude>
    <ClInclude Include="..\..\..\public\interpolatortypes.h">
      <Filter>external</Filter>
    </ClInclude>
  </ItemGroup>
</Project>