<?xml version="1.0" encoding="utf-8"?>
<Project ToolsVersion="4.0" xmlns="http://schemas.microsoft.com/developer/msbuild/2003">
  <ItemGroup>
    <Filter Include="Source Files">
      <UniqueIdentifier>{6698a066-42ad-40f1-a28c-501de34d076a}</UniqueIdentifier>
    </Filter>
    <Filter Include="Link Libraries">
      <UniqueIdentifier>{67636f6f-44af-478a-b474-19d976fbb791}</UniqueIdentifier>
    </Filter>
    <Filter Include="Resources">
      <UniqueIdentifier>{b3328479-9a14-4b6e-b16c-1ae8c1b52c4b}</UniqueIdentifier>
    </Filter>
    <Filter Include="Header Files">
      <UniqueIdentifier>{2af9df67-47c3-46aa-85c2-613f9c6391c6}</UniqueIdentifier>
    </Filter>
    <Filter Include="Interface">
      <UniqueIdentifier>{6a8b2f5f-2c77-4e0d-b3a8-d5cee943c5a2}</UniqueIdentifier>
    </Filter>
  </ItemGroup>
  <ItemGroup>
    <ClCompile Include="datacache.cpp">
      <Filter>Source Files</Filter>
    </ClCompile>
    <ClCompile Include="mdlcache.cpp">
      <Filter>Source Files</Filter>
    </ClCompile>
    <ClCompile Include="..\public\tier0\memoverride.cpp">
      <Filter>Source Files</Filter>
    </ClCompile>
    <ClCompile Include="..\public\studio.cpp">
      <Filter>Source Files</Filter>
    </ClCompile>
    <ClCompile Include="..\public\studio_virtualmodel.cpp">
      <Filter>Source Files</Filter>
    </ClCompile>
    <ClCompile Include="..\common\studiobyteswap.cpp">
      <Filter>Source Files</Filter>
    </ClCompile>
  </ItemGroup>
  <ItemGroup>
    <Library Include="..\lib\public\tier0.lib">
      <Filter>Link Libraries</Filter>
    </Library>
    <Library Include="..\lib\public\tier1.lib">
      <Filter>Link Libraries</Filter>
    </Library>
    <Library Include="..\lib\public\tier2.lib">
      <Filter>Link Libraries</Filter>
    </Library>
    <Library Include="..\lib\public\tier3.lib">
      <Filter>Link Libraries</Filter>
    </Library>
    <Library Include="..\lib\public\vstdlib.lib">
      <Filter>Link Libraries</Filter>
    </Library>
  </ItemGroup>
  <ItemGroup>
    <None Include="datacache.vpc">
      <Filter>Resources</Filter>
    </None>
  </ItemGroup>
  <ItemGroup>
    <ClInclude Include="datacache.h">
      <Filter>Header Files</Filter>
    </ClInclude>
    <ClInclude Include="datacache_common.h">
      <Filter>Header Files</Filter>
    </ClInclude>
    <ClInclude Include="datacache_cvar.h">
      <Filter>Header Files</Filter>
    </ClInclude>
    <ClInclude Include="studio.h">
      <Filter>Header Files</Filter>
    </ClInclude>
    <ClInclude Include="..\common\studiobyteswap.h">
      <Filter>Header Files</Filter>
    </ClInclude>
    <ClInclude Include="..\public\datacache\idatacache.h">
      <Filter>Interface</Filter>
    </ClInclude>
    <ClInclude Include="..\public\datacache\idatacacheV1.h">
      <Filter>Interface</Filter>
    </ClInclude>
    <ClInclude Include="..\public\datacache\imdlcache.h">
      <Filter>Interface</Filter>
    </ClInclude>
  </ItemGroup>
</Project>