<?xml version="1.0" encoding="utf-8"?>
<Project ToolsVersion="4.0" xmlns="http://schemas.microsoft.com/developer/msbuild/2003">
  <ItemGroup>
    <Filter Include="Source Files">
      <UniqueIdentifier>{0cf8289c-456c-4536-9a0d-9630e8e8a106}</UniqueIdentifier>
    </Filter>
    <Filter Include="Source Files\Utils">
      <UniqueIdentifier>{c9d2489e-cbae-483f-9db7-3c0de757cbed}</UniqueIdentifier>
    </Filter>
    <Filter Include="Source Files\Generic Dialogs">
      <UniqueIdentifier>{ee9b7e00-0a53-451f-90c1-e865c06822a5}</UniqueIdentifier>
    </Filter>
    <Filter Include="Source Files\Pages">
      <UniqueIdentifier>{3f2cabd7-7764-463e-8f6e-96dae7b2fd57}</UniqueIdentifier>
    </Filter>
    <Filter Include="Link Libraries">
      <UniqueIdentifier>{7315cefa-c4b1-4b1f-a922-7b7dff361e3a}</UniqueIdentifier>
    </Filter>
    <Filter Include="Resources">
      <UniqueIdentifier>{4c469ae5-12bb-4239-8425-16cec0700309}</UniqueIdentifier>
    </Filter>
    <Filter Include="Header Files">
      <UniqueIdentifier>{0349e1cf-ede9-464a-8e75-29bcf617710d}</UniqueIdentifier>
    </Filter>
  </ItemGroup>
  <ItemGroup>
    <ClCompile Include="AdminServer.cpp">
      <Filter>Source Files</Filter>
    </ClCompile>
    <ClCompile Include="BanContextMenu.cpp">
      <Filter>Source Files</Filter>
    </ClCompile>
    <ClCompile Include="ConfigPanel.cpp">
      <Filter>Source Files</Filter>
    </ClCompile>
    <ClCompile Include="GamePanelInfo.cpp">
      <Filter>Source Files</Filter>
    </ClCompile>
    <ClCompile Include="MapCycleEditDialog.cpp">
      <Filter>Source Files</Filter>
    </ClCompile>
    <ClCompile Include="..\..\public\tier0\memoverride.cpp">
      <Filter>Source Files</Filter>
    </ClCompile>
    <ClCompile Include="..\common\msgbuffer.cpp">
      <Filter>Source Files</Filter>
    </ClCompile>
    <ClCompile Include="PlayerContextMenu.cpp">
      <Filter>Source Files</Filter>
    </ClCompile>
    <ClCompile Include="PlayerListCompare.cpp">
      <Filter>Source Files</Filter>
    </ClCompile>
    <ClCompile Include="RemoteServer.cpp">
      <Filter>Source Files</Filter>
    </ClCompile>
    <ClCompile Include="VarEditDialog.cpp">
      <Filter>Source Files</Filter>
    </ClCompile>
    <ClCompile Include="VarListPropertyPage.cpp">
      <Filter>Source Files</Filter>
    </ClCompile>
    <ClCompile Include="..\..\common\vgui\vgui_basebudgetpanel.cpp">
      <Filter>Source Files</Filter>
    </ClCompile>
    <ClCompile Include="..\..\common\vgui\vgui_budgetbargraphpanel.cpp">
      <Filter>Source Files</Filter>
    </ClCompile>
    <ClCompile Include="..\..\common\vgui\vgui_budgethistorypanel.cpp">
      <Filter>Source Files</Filter>
    </ClCompile>
    <ClCompile Include="..\..\common\vgui\vgui_budgetpanelshared.cpp">
      <Filter>Source Files</Filter>
    </ClCompile>
    <ClCompile Include="..\..\public\vgui_controls\vgui_controls.cpp">
      <Filter>Source Files</Filter>
    </ClCompile>
    <ClCompile Include="TokenLine.cpp">
      <Filter>Source Files\Utils</Filter>
    </ClCompile>
    <ClCompile Include="DialogAddBan.cpp">
      <Filter>Source Files\Generic Dialogs</Filter>
    </ClCompile>
    <ClCompile Include="DialogCvarChange.cpp">
      <Filter>Source Files\Generic Dialogs</Filter>
    </ClCompile>
    <ClCompile Include="BanPanel.cpp">
      <Filter>Source Files\Pages</Filter>
    </ClCompile>
    <ClCompile Include="BudgetPanelContainer.cpp">
      <Filter>Source Files\Pages</Filter>
    </ClCompile>
    <ClCompile Include="ChatPanel.cpp">
      <Filter>Source Files\Pages</Filter>
    </ClCompile>
    <ClCompile Include="GraphPanel.cpp">
      <Filter>Source Files\Pages</Filter>
    </ClCompile>
    <ClCompile Include="PlayerPanel.cpp">
      <Filter>Source Files\Pages</Filter>
    </ClCompile>
    <ClCompile Include="RawLogPanel.cpp">
      <Filter>Source Files\Pages</Filter>
    </ClCompile>
    <ClCompile Include="ServerConfigPanel.cpp">
      <Filter>Source Files\Pages</Filter>
    </ClCompile>
    <ClCompile Include="serverinfopanel.cpp">
      <Filter>Source Files\Pages</Filter>
    </ClCompile>
  </ItemGroup>
  <ItemGroup>
    <Library Include="..\..\lib\public\tier0.lib">
      <Filter>Link Libraries</Filter>
    </Library>
    <Library Include="..\..\lib\public\tier1.lib">
      <Filter>Link Libraries</Filter>
    </Library>
    <Library Include="..\..\lib\public\tier2.lib">
      <Filter>Link Libraries</Filter>
    </Library>
    <Library Include="..\..\lib\public\tier3.lib">
      <Filter>Link Libraries</Filter>
    </Library>
    <Library Include="..\..\lib\public\vgui_controls.lib">
      <Filter>Link Libraries</Filter>
    </Library>
    <Library Include="..\..\lib\public\vstdlib.lib">
      <Filter>Link Libraries</Filter>
    </Library>
  </ItemGroup>
  <ItemGroup>
    <None Include="AdminServer.vpc">
      <Filter>Resources</Filter>
    </None>
  </ItemGroup>
  <ItemGroup>
    <ClInclude Include="AdminServer.h">
      <Filter>Header Files</Filter>
    </ClInclude>
    <ClInclude Include="BanContextMenu.h">
      <Filter>Header Files</Filter>
    </ClInclude>
    <ClInclude Include="BanPanel.h">
      <Filter>Header Files</Filter>
    </ClInclude>
    <ClInclude Include="BudgetPanelContainer.h">
      <Filter>Header Files</Filter>
    </ClInclude>
    <ClInclude Include="ChatPanel.h">
      <Filter>Header Files</Filter>
    </ClInclude>
    <ClInclude Include="ConfigPanel.h">
      <Filter>Header Files</Filter>
    </ClInclude>
    <ClInclude Include="DialogAddBan.h">
      <Filter>Header Files</Filter>
    </ClInclude>
    <ClInclude Include="DialogCvarChange.h">
      <Filter>Header Files</Filter>
    </ClInclude>
    <ClInclude Include="GamePanelInfo.h">
      <Filter>Header Files</Filter>
    </ClInclude>
    <ClInclude Include="GraphPanel.h">
      <Filter>Header Files</Filter>
    </ClInclude>
    <ClInclude Include="..\..\common\igameserverdata.h">
      <Filter>Header Files</Filter>
    </ClInclude>
    <ClInclude Include="IManageServer.h">
      <Filter>Header Files</Filter>
    </ClInclude>
    <ClInclude Include="..\..\public\tier1\interface.h">
      <Filter>Header Files</Filter>
    </ClInclude>
    <ClInclude Include="..\common\IServerRefreshResponse.h">
      <Filter>Header Files</Filter>
    </ClInclude>
    <ClInclude Include="..\..\common\ivprofexport.h">
      <Filter>Header Files</Filter>
    </ClInclude>
    <ClInclude Include="MapCycleEditDialog.h">
      <Filter>Header Files</Filter>
    </ClInclude>
    <ClInclude Include="..\common\msgbuffer.h">
      <Filter>Header Files</Filter>
    </ClInclude>
    <ClInclude Include="PlayerContextMenu.h">
      <Filter>Header Files</Filter>
    </ClInclude>
    <ClInclude Include="PlayerListCompare.h">
      <Filter>Header Files</Filter>
    </ClInclude>
    <ClInclude Include="PlayerPanel.h">
      <Filter>Header Files</Filter>
    </ClInclude>
    <ClInclude Include="RawLogPanel.h">
      <Filter>Header Files</Filter>
    </ClInclude>
    <ClInclude Include="RemoteServer.h">
      <Filter>Header Files</Filter>
    </ClInclude>
    <ClInclude Include="ServerConfigPanel.h">
      <Filter>Header Files</Filter>
    </ClInclude>
    <ClInclude Include="serverinfopanel.h">
      <Filter>Header Files</Filter>
    </ClInclude>
    <ClInclude Include="TokenLine.h">
      <Filter>Header Files</Filter>
    </ClInclude>
    <ClInclude Include="..\..\public\tier1\utlbuffer.h">
      <Filter>Header Files</Filter>
    </ClInclude>
    <ClInclude Include="..\..\public\tier1\utllinkedlist.h">
      <Filter>Header Files</Filter>
    </ClInclude>
    <ClInclude Include="..\..\public\tier1\utlsymbol.h">
      <Filter>Header Files</Filter>
    </ClInclude>
    <ClInclude Include="..\..\public\tier1\utlvector.h">
      <Filter>Header Files</Filter>
    </ClInclude>
    <ClInclude Include="VarEditDialog.h">
      <Filter>Header Files</Filter>
    </ClInclude>
    <ClInclude Include="VarListPropertyPage.h">
      <Filter>Header Files</Filter>
    </ClInclude>
    <ClInclude Include="..\..\common\vgui\vgui_basebudgetpanel.h">
      <Filter>Header Files</Filter>
    </ClInclude>
    <ClInclude Include="..\..\common\vgui\vgui_budgetbargraphpanel.h">
      <Filter>Header Files</Filter>
    </ClInclude>
    <ClInclude Include="..\..\common\vgui\vgui_budgethistorypanel.h">
      <Filter>Header Files</Filter>
    </ClInclude>
    <ClInclude Include="..\..\common\vgui\vgui_budgetpanelshared.h">
      <Filter>Header Files</Filter>
    </ClInclude>
  </ItemGroup>
</Project>