<?xml version="1.0" encoding="utf-8"?>
<Project ToolsVersion="4.0" xmlns="http://schemas.microsoft.com/developer/msbuild/2003">
  <ItemGroup>
    <Filter Include="Source Files">
      <UniqueIdentifier>{15ed579e-c86e-42f1-8b4b-f9936aaf17ef}</UniqueIdentifier>
    </Filter>
    <Filter Include="Link Libraries">
      <UniqueIdentifier>{b725b6da-b1c4-444e-8c07-ac844ac13b42}</UniqueIdentifier>
    </Filter>
    <Filter Include="Resources">
      <UniqueIdentifier>{9c063d2f-b527-4b96-b1d7-55ab01c88531}</UniqueIdentifier>
    </Filter>
    <Filter Include="Common Source Files">
      <UniqueIdentifier>{c0e28a68-10d0-4a5a-ae87-f119ce47c92a}</UniqueIdentifier>
    </Filter>
    <Filter Include="Common Header Files">
      <UniqueIdentifier>{df5ec0f1-0487-48a8-ba27-42cbd67350c4}</UniqueIdentifier>
    </Filter>
  </ItemGroup>
  <ItemGroup>
    <ClCompile Include="kvc.cpp">
      <Filter>Source Files</Filter>
    </ClCompile>
    <ClCompile Include="..\..\public\tier0\memoverride.cpp">
      <Filter>Source Files</Filter>
    </ClCompile>
    <ClCompile Include="..\common\filesystem_tools.cpp">
      <Filter>Common Source Files</Filter>
    </ClCompile>
    <ClCompile Include="..\..\public\kevvaluescompiler.cpp">
      <Filter>Common Source Files</Filter>
    </ClCompile>
    <ClCompile Include="..\common\pacifier.cpp">
      <Filter>Common Source Files</Filter>
    </ClCompile>
  </ItemGroup>
  <ItemGroup>
    <Library Include="..\..\lib\public\appframework.lib">
      <Filter>Link Libraries</Filter>
    </Library>
    <Library Include="..\..\lib\public\tier0.lib">
      <Filter>Link Libraries</Filter>
    </Library>
    <Library Include="..\..\lib\public\tier1.lib">
      <Filter>Link Libraries</Filter>
    </Library>
    <Library Include="..\..\lib\public\tier2.lib">
      <Filter>Link Libraries</Filter>
    </Library>
    <Library Include="..\..\lib\public\vstdlib.lib">
      <Filter>Link Libraries</Filter>
    </Library>
  </ItemGroup>
  <ItemGroup>
    <None Include="kvc.vpc">
      <Filter>Resources</Filter>
    </None>
  </ItemGroup>
  <ItemGroup>
    <ClInclude Include="filesystem_tools.h">
      <Filter>Common Header Files</Filter>
    </ClInclude>
    <ClInclude Include="..\..\public\keyvaluescompiler.h">
      <Filter>Common Header Files</Filter>
    </ClInclude>
    <ClInclude Include="pacifier.h">
      <Filter>Common Header Files</Filter>
    </ClInclude>
  </ItemGroup>
</Project>