<?xml version="1.0" encoding="utf-8"?>
<Project ToolsVersion="4.0" xmlns="http://schemas.microsoft.com/developer/msbuild/2003">
  <ItemGroup>
    <Filter Include="Source Files">
      <UniqueIdentifier>{95a7ab74-09cd-4682-b1d9-1af6580c5fe3}</UniqueIdentifier>
    </Filter>
    <Filter Include="Resources">
      <UniqueIdentifier>{a116593c-c6db-49ec-8a0f-748cce5239e6}</UniqueIdentifier>
    </Filter>
    <Filter Include="Public Header Files">
      <UniqueIdentifier>{8bb18419-dc52-4048-8fa0-1e6305f8ed32}</UniqueIdentifier>
    </Filter>
    <Filter Include="Header Files">
      <UniqueIdentifier>{0e0ec8bc-711f-4718-9994-03824aaf1401}</UniqueIdentifier>
    </Filter>
  </ItemGroup>
  <ItemGroup>
    <ClCompile Include="convert_x360.cpp">
      <Filter>Source Files</Filter>
    </ClCompile>
    <ClCompile Include="s3tc_decode.cpp">
      <Filter>Source Files</Filter>
    </ClCompile>
    <ClCompile Include="vtf.cpp">
      <Filter>Source Files</Filter>
    </ClCompile>
  </ItemGroup>
  <ItemGroup>
    <None Include="vtf.vpc">
      <Filter>Resources</Filter>
    </None>
  </ItemGroup>
  <ItemGroup>
    <ClInclude Include="..\public\s3_intrf.h">
      <Filter>Public Header Files</Filter>
    </ClInclude>
    <ClInclude Include="s3tc_decode.h">
      <Filter>Public Header Files</Filter>
    </ClInclude>
    <ClInclude Include="..\public\vtf\vtf.h">
      <Filter>Public Header Files</Filter>
    </ClInclude>
    <ClInclude Include="cvtf.h">
      <Filter>Header Files</Filter>
    </ClInclude>
  </ItemGroup>
</Project>