<?xml version="1.0" encoding="utf-8"?>
<Project ToolsVersion="4.0" xmlns="http://schemas.microsoft.com/developer/msbuild/2003">
  <ItemGroup>
    <Filter Include="Source Files">
      <UniqueIdentifier>{32c7e3ed-c175-42a1-840d-1313f1677599}</UniqueIdentifier>
    </Filter>
    <Filter Include="Link Libraries">
      <UniqueIdentifier>{91d24f84-cf43-4634-b292-b4c4cf07eb11}</UniqueIdentifier>
    </Filter>
    <Filter Include="Resources">
      <UniqueIdentifier>{f308022f-3dc6-4ed2-a4c4-2f0a97f478bb}</UniqueIdentifier>
    </Filter>
    <Filter Include="Public Headers">
      <UniqueIdentifier>{96db44b1-e7d6-484c-9997-0477dfc24335}</UniqueIdentifier>
    </Filter>
  </ItemGroup>
  <ItemGroup>
    <ClCompile Include="inputsystem.cpp">
      <Filter>Source Files</Filter>
    </ClCompile>
    <ClCompile Include="joystick.cpp">
      <Filter>Source Files</Filter>
    </ClCompile>
    <ClCompile Include="key_translation.cpp">
      <Filter>Source Files</Filter>
    </ClCompile>
    <ClCompile Include="..\public\tier0\memoverride.cpp">
      <Filter>Source Files</Filter>
    </ClCompile>
    <ClCompile Include="xcontroller.cpp">
      <Filter>Source Files</Filter>
    </ClCompile>
  </ItemGroup>
  <ItemGroup>
    <ClInclude Include="inputsystem.h">
      <Filter>Source Files</Filter>
    </ClInclude>
    <ClInclude Include="key_translation.h">
      <Filter>Source Files</Filter>
    </ClInclude>
    <ClInclude Include="..\public\inputsystem\AnalogCode.h">
      <Filter>Public Headers</Filter>
    </ClInclude>
    <ClInclude Include="..\public\inputsystem\ButtonCode.h">
      <Filter>Public Headers</Filter>
    </ClInclude>
    <ClInclude Include="..\public\inputsystem\iinputsystem.h">
      <Filter>Public Headers</Filter>
    </ClInclude>
    <ClInclude Include="..\public\inputsystem\InputEnums.h">
      <Filter>Public Headers</Filter>
    </ClInclude>
    <ClInclude Include="..\dx9sdk\Include\XInput.h">
      <Filter>Public Headers</Filter>
    </ClInclude>
  </ItemGroup>
  <ItemGroup>
    <Library Include="..\lib\public\tier0.lib">
      <Filter>Link Libraries</Filter>
    </Library>
    <Library Include="..\lib\public\tier1.lib">
      <Filter>Link Libraries</Filter>
    </Library>
    <Library Include="..\lib\public\tier2.lib">
      <Filter>Link Libraries</Filter>
    </Library>
    <Library Include="..\lib\public\vstdlib.lib">
      <Filter>Link Libraries</Filter>
    </Library>
  </ItemGroup>
  <ItemGroup>
    <None Include="inputsystem.vpc">
      <Filter>Resources</Filter>
    </None>
  </ItemGroup>
</Project>