<?xml version="1.0" encoding="utf-8"?>
<Project ToolsVersion="4.0" xmlns="http://schemas.microsoft.com/developer/msbuild/2003">
  <ItemGroup>
    <Filter Include="Source Files">
      <UniqueIdentifier>{7d595a96-1356-4fd7-89bb-8c9d796fdb0d}</UniqueIdentifier>
    </Filter>
    <Filter Include="Link Libraries">
      <UniqueIdentifier>{47651331-9106-4be5-b5ed-e323404000a7}</UniqueIdentifier>
    </Filter>
    <Filter Include="Resources">
      <UniqueIdentifier>{269c3137-4d03-4570-b079-f7b5d6f25c68}</UniqueIdentifier>
    </Filter>
    <Filter Include="Header Files">
      <UniqueIdentifier>{bbde0b07-bf5e-4ef1-9ca7-53e03252f4bc}</UniqueIdentifier>
    </Filter>
  </ItemGroup>
  <ItemGroup>
    <ClCompile Include="..\public\filesystem_init.cpp">
      <Filter>Source Files</Filter>
    </ClCompile>
    <ClCompile Include="launcher.cpp">
      <Filter>Source Files</Filter>
    </ClCompile>
    <ClCompile Include="..\public\tier0\memoverride.cpp">
      <Filter>Source Files</Filter>
    </ClCompile>
    <ClCompile Include="reslistgenerator.cpp">
      <Filter>Source Files</Filter>
    </ClCompile>
  </ItemGroup>
  <ItemGroup>
    <Library Include="..\lib\public\appframework.lib">
      <Filter>Link Libraries</Filter>
    </Library>
    <Library Include="..\lib\public\tier0.lib">
      <Filter>Link Libraries</Filter>
    </Library>
    <Library Include="..\lib\public\tier1.lib">
      <Filter>Link Libraries</Filter>
    </Library>
    <Library Include="..\lib\public\tier2.lib">
      <Filter>Link Libraries</Filter>
    </Library>
    <Library Include="..\lib\public\tier3.lib">
      <Filter>Link Libraries</Filter>
    </Library>
    <Library Include="..\lib\public\vstdlib.lib">
      <Filter>Link Libraries</Filter>
    </Library>
  </ItemGroup>
  <ItemGroup>
    <None Include="launcher.vpc">
      <Filter>Resources</Filter>
    </None>
  </ItemGroup>
  <ItemGroup>
    <ClInclude Include="..\public\tier0\basetypes.h">
      <Filter>Header Files</Filter>
    </ClInclude>
    <ClInclude Include="..\public\commonmacros.h">
      <Filter>Header Files</Filter>
    </ClInclude>
    <ClInclude Include="..\public\tier0\dbg.h">
      <Filter>Header Files</Filter>
    </ClInclude>
    <ClInclude Include="..\common\engine_launcher_api.h">
      <Filter>Header Files</Filter>
    </ClInclude>
    <ClInclude Include="..\public\tier0\fasttimer.h">
      <Filter>Header Files</Filter>
    </ClInclude>
    <ClInclude Include="..\public\appframework\IAppSystem.h">
      <Filter>Header Files</Filter>
    </ClInclude>
    <ClInclude Include="..\public\vstdlib\ICommandLine.h">
      <Filter>Header Files</Filter>
    </ClInclude>
    <ClInclude Include="ifilesystem.h">
      <Filter>Header Files</Filter>
    </ClInclude>
    <ClInclude Include="..\public\vgui\IHTML.h">
      <Filter>Header Files</Filter>
    </ClInclude>
    <ClInclude Include="..\public\vgui\IImage.h">
      <Filter>Header Files</Filter>
    </ClInclude>
    <ClInclude Include="..\public\tier1\interface.h">
      <Filter>Header Files</Filter>
    </ClInclude>
    <ClInclude Include="..\public\vgui\ISurface.h">
      <Filter>Header Files</Filter>
    </ClInclude>
    <ClInclude Include="..\public\vgui\KeyCode.h">
      <Filter>Header Files</Filter>
    </ClInclude>
    <ClInclude Include="..\public\tier0\mem.h">
      <Filter>Header Files</Filter>
    </ClInclude>
    <ClInclude Include="..\public\tier0\memalloc.h">
      <Filter>Header Files</Filter>
    </ClInclude>
    <ClInclude Include="..\public\vgui\MouseCode.h">
      <Filter>Header Files</Filter>
    </ClInclude>
    <ClInclude Include="..\public\tier0\platform.h">
      <Filter>Header Files</Filter>
    </ClInclude>
    <ClInclude Include="..\public\protected_things.h">
      <Filter>Header Files</Filter>
    </ClInclude>
    <ClInclude Include="reslistgenerator.h">
      <Filter>Header Files</Filter>
    </ClInclude>
    <ClInclude Include="..\public\string_t.h">
      <Filter>Header Files</Filter>
    </ClInclude>
    <ClInclude Include="..\public\vstdlib\strtools.h">
      <Filter>Header Files</Filter>
    </ClInclude>
    <ClInclude Include="..\public\tier0\vcr_shared.h">
      <Filter>Header Files</Filter>
    </ClInclude>
    <ClInclude Include="..\public\tier0\vcrmode.h">
      <Filter>Header Files</Filter>
    </ClInclude>
    <ClInclude Include="..\public\mathlib\vector2d.h">
      <Filter>Header Files</Filter>
    </ClInclude>
    <ClInclude Include="..\public\vgui\VGUI.h">
      <Filter>Header Files</Filter>
    </ClInclude>
    <ClInclude Include="..\public\vstdlib\vstdlib.h">
      <Filter>Header Files</Filter>
    </ClInclude>
  </ItemGroup>
</Project>