<?xml version="1.0" encoding="utf-8"?>
<Project ToolsVersion="4.0" xmlns="http://schemas.microsoft.com/developer/msbuild/2003">
  <ItemGroup>
    <Filter Include="Source Files">
      <UniqueIdentifier>{f13a0667-e0c4-4cdc-9c91-3a39c51bd45d}</UniqueIdentifier>
    </Filter>
    <Filter Include="Resources">
      <UniqueIdentifier>{891e0e3d-300d-40e8-820b-d51831edf38a}</UniqueIdentifier>
    </Filter>
    <Filter Include="Header Files">
      <UniqueIdentifier>{16762f03-804c-4998-aef2-0b857677e548}</UniqueIdentifier>
    </Filter>
  </ItemGroup>
  <ItemGroup>
    <ClCompile Include="addbuiltin_ops.cpp">
      <Filter>Source Files</Filter>
    </ClCompile>
    <ClCompile Include="builtin_constraints.cpp">
      <Filter>Source Files</Filter>
    </ClCompile>
    <ClCompile Include="builtin_initializers.cpp">
      <Filter>Source Files</Filter>
    </ClCompile>
    <ClCompile Include="builtin_particle_emitters.cpp">
      <Filter>Source Files</Filter>
    </ClCompile>
    <ClCompile Include="builtin_particle_forces.cpp">
      <Filter>Source Files</Filter>
    </ClCompile>
    <ClCompile Include="builtin_particle_ops.cpp">
      <Filter>Source Files</Filter>
    </ClCompile>
    <ClCompile Include="builtin_particle_render_ops.cpp">
      <Filter>Source Files</Filter>
    </ClCompile>
    <ClCompile Include="particle_sort.cpp">
      <Filter>Source Files</Filter>
    </ClCompile>
    <ClCompile Include="particles.cpp">
      <Filter>Source Files</Filter>
    </ClCompile>
    <ClCompile Include="psheet.cpp">
      <Filter>Source Files</Filter>
    </ClCompile>
  </ItemGroup>
  <ItemGroup>
    <None Include="particles.vpc">
      <Filter>Resources</Filter>
    </None>
    <None Include="vtune\particles.vpj" />
  </ItemGroup>
  <ItemGroup>
    <ClInclude Include="..\public\particles\particles.h">
      <Filter>Header Files</Filter>
    </ClInclude>
    <ClInclude Include="particles_internal.h">
      <Filter>Header Files</Filter>
    </ClInclude>
    <ClInclude Include="random_floats.h">
      <Filter>Header Files</Filter>
    </ClInclude>
  </ItemGroup>
</Project>