<?xml version="1.0" encoding="utf-8"?>
<Project ToolsVersion="4.0" xmlns="http://schemas.microsoft.com/developer/msbuild/2003">
  <ItemGroup>
    <Filter Include="Source Files">
      <UniqueIdentifier>{8b9bfb41-e472-4a48-b913-1861888db0d9}</UniqueIdentifier>
    </Filter>
    <Filter Include="Link Libraries">
      <UniqueIdentifier>{30486ad5-7fcb-4845-beda-abe71d56f2a7}</UniqueIdentifier>
    </Filter>
    <Filter Include="Resources">
      <UniqueIdentifier>{f05223c8-beb2-4d1b-9c5b-f3198f1ff074}</UniqueIdentifier>
    </Filter>
    <Filter Include="Header Files">
      <UniqueIdentifier>{065d8a42-a1b0-42c6-9765-5600f3d152c4}</UniqueIdentifier>
    </Filter>
  </ItemGroup>
  <ItemGroup>
    <ClCompile Include="..\..\movieobjects\dmx_to_vcd.cpp">
      <Filter>Source Files</Filter>
    </ClCompile>
    <ClCompile Include="dmxtest.cpp">
      <Filter>Source Files</Filter>
    </ClCompile>
    <ClCompile Include="dmxtest_dmeloglayers.cpp">
      <Filter>Source Files</Filter>
    </ClCompile>
    <ClCompile Include="dmxtest_vcdtodme.cpp">
      <Filter>Source Files</Filter>
    </ClCompile>
    <ClCompile Include="dmxtestarray.cpp">
      <Filter>Source Files</Filter>
    </ClCompile>
    <ClCompile Include="dmxtestdmelog.cpp">
      <Filter>Source Files</Filter>
    </ClCompile>
    <ClCompile Include="dmxtestloader.cpp">
      <Filter>Source Files</Filter>
    </ClCompile>
    <ClCompile Include="dmxtestnotify.cpp">
      <Filter>Source Files</Filter>
    </ClCompile>
    <ClCompile Include="dmxtestserialization.cpp">
      <Filter>Source Files</Filter>
    </ClCompile>
    <ClCompile Include="dmxtestundoredo.cpp">
      <Filter>Source Files</Filter>
    </ClCompile>
    <ClCompile Include="..\..\public\interpolatortypes.cpp">
      <Filter>Source Files</Filter>
    </ClCompile>
    <ClCompile Include="..\..\public\tier0\memoverride.cpp">
      <Filter>Source Files</Filter>
    </ClCompile>
    <ClCompile Include="..\..\public\movieobjects\movieobjects.cpp">
      <Filter>Source Files</Filter>
    </ClCompile>
  </ItemGroup>
  <ItemGroup>
    <Library Include="..\..\lib\public\choreoobjects.lib">
      <Filter>Link Libraries</Filter>
    </Library>
    <Library Include="..\..\lib\public\datamodel.lib">
      <Filter>Link Libraries</Filter>
    </Library>
    <Library Include="..\..\lib\public\dmserializers.lib">
      <Filter>Link Libraries</Filter>
    </Library>
    <Library Include="..\..\lib\public\dmxloader.lib">
      <Filter>Link Libraries</Filter>
    </Library>
    <Library Include="..\..\lib\public\mathlib.lib">
      <Filter>Link Libraries</Filter>
    </Library>
    <Library Include="..\..\lib\public\movieobjects.lib">
      <Filter>Link Libraries</Filter>
    </Library>
    <Library Include="..\..\lib\public\tier0.lib">
      <Filter>Link Libraries</Filter>
    </Library>
    <Library Include="..\..\lib\public\tier1.lib">
      <Filter>Link Libraries</Filter>
    </Library>
    <Library Include="..\..\lib\public\tier2.lib">
      <Filter>Link Libraries</Filter>
    </Library>
    <Library Include="..\..\lib\public\tier3.lib">
      <Filter>Link Libraries</Filter>
    </Library>
    <Library Include="..\..\lib\public\unitlib.lib">
      <Filter>Link Libraries</Filter>
    </Library>
    <Library Include="..\..\lib\public\vstdlib.lib">
      <Filter>Link Libraries</Filter>
    </Library>
  </ItemGroup>
  <ItemGroup>
    <None Include="dmxtest.vpc">
      <Filter>Resources</Filter>
    </None>
  </ItemGroup>
  <ItemGroup>
    <ClInclude Include="..\..\public\movieobjects\dmx_to_vcd.h">
      <Filter>Header Files</Filter>
    </ClInclude>
    <ClInclude Include="..\..\public\interpolatortypes.h">
      <Filter>Header Files</Filter>
    </ClInclude>
  </ItemGroup>
</Project>