<?xml version="1.0" encoding="utf-8"?>
<Project ToolsVersion="4.0" xmlns="http://schemas.microsoft.com/developer/msbuild/2003">
  <ItemGroup>
    <Filter Include="Source Files">
      <UniqueIdentifier>{2d36fb7a-4bb5-4d63-9d7e-024787f0817f}</UniqueIdentifier>
    </Filter>
    <Filter Include="Resources">
      <UniqueIdentifier>{253d2c8d-7239-4feb-93c0-727243669271}</UniqueIdentifier>
    </Filter>
    <Filter Include="Interface">
      <UniqueIdentifier>{0b60b65c-efaa-4b8f-a73d-ee015141eb2f}</UniqueIdentifier>
    </Filter>
  </ItemGroup>
  <ItemGroup>
    <ClCompile Include="AppSystemGroup.cpp">
      <Filter>Source Files</Filter>
    </ClCompile>
    <ClCompile Include="..\public\filesystem_init.cpp">
      <Filter>Source Files</Filter>
    </ClCompile>
    <ClCompile Include="VguiMatSysApp.cpp">
      <Filter>Source Files</Filter>
    </ClCompile>
    <ClCompile Include="WinApp.cpp">
      <Filter>Source Files</Filter>
    </ClCompile>
  </ItemGroup>
  <ItemGroup>
    <None Include="appframework.vpc">
      <Filter>Resources</Filter>
    </None>
  </ItemGroup>
  <ItemGroup>
    <ClInclude Include="..\public\appframework\AppFramework.h">
      <Filter>Interface</Filter>
    </ClInclude>
    <ClInclude Include="..\public\appframework\IAppSystem.h">
      <Filter>Interface</Filter>
    </ClInclude>
    <ClInclude Include="..\public\appframework\IAppSystemGroup.h">
      <Filter>Interface</Filter>
    </ClInclude>
    <ClInclude Include="..\public\appframework\tier2app.h">
      <Filter>Interface</Filter>
    </ClInclude>
    <ClInclude Include="..\public\appframework\tier3app.h">
      <Filter>Interface</Filter>
    </ClInclude>
    <ClInclude Include="..\public\appframework\VguiMatSysApp.h">
      <Filter>Interface</Filter>
    </ClInclude>
  </ItemGroup>
</Project>