<?xml version="1.0" encoding="utf-8"?>
<Project ToolsVersion="4.0" xmlns="http://schemas.microsoft.com/developer/msbuild/2003">
  <ItemGroup>
    <Filter Include="Source Files">
      <UniqueIdentifier>{07d111d6-8b06-491f-ac76-2ff727cef590}</UniqueIdentifier>
    </Filter>
    <Filter Include="Source Files\Console">
      <UniqueIdentifier>{e3f886c1-77dd-44bd-b2fb-6f81c60a928b}</UniqueIdentifier>
    </Filter>
    <Filter Include="Source Files\VGUI">
      <UniqueIdentifier>{e444b045-7d90-4704-af6b-7b64d1782095}</UniqueIdentifier>
    </Filter>
    <Filter Include="Source Files\FileSystem">
      <UniqueIdentifier>{d6b021c3-1a74-49da-84bd-3741e739857e}</UniqueIdentifier>
    </Filter>
    <Filter Include="Link Libraries">
      <UniqueIdentifier>{b65ef3aa-5cf9-4593-97e0-2a0b59836747}</UniqueIdentifier>
    </Filter>
    <Filter Include="Resources">
      <UniqueIdentifier>{449b1d05-4c94-47e4-a5b8-83c9f8a19054}</UniqueIdentifier>
    </Filter>
    <Filter Include="Header Files">
      <UniqueIdentifier>{d367cba1-0639-4b74-b222-747199748367}</UniqueIdentifier>
    </Filter>
    <Filter Include="Header Files\Console Headers">
      <UniqueIdentifier>{71639e43-a3b1-474a-b8f4-966372bb7f29}</UniqueIdentifier>
    </Filter>
    <Filter Include="Header Files\VGUI Headers">
      <UniqueIdentifier>{ff7eaf22-baf2-4dff-9095-749b7013d2e3}</UniqueIdentifier>
    </Filter>
  </ItemGroup>
  <ItemGroup>
    <ResourceCompile Include="dedicated.rc">
      <Filter>Source Files</Filter>
    </ResourceCompile>
  </ItemGroup>
  <ItemGroup>
    <ClCompile Include="filesystem.cpp">
      <Filter>Source Files</Filter>
    </ClCompile>
    <ClCompile Include="..\public\filesystem_init.cpp">
      <Filter>Source Files</Filter>
    </ClCompile>
    <ClCompile Include="..\public\tier0\memoverride.cpp">
      <Filter>Source Files</Filter>
    </ClCompile>
    <ClCompile Include="..\common\netapi.cpp">
      <Filter>Source Files</Filter>
    </ClCompile>
    <ClCompile Include="..\common\SteamAppStartup.cpp">
      <Filter>Source Files</Filter>
    </ClCompile>
    <ClCompile Include="sys_common.cpp">
      <Filter>Source Files</Filter>
    </ClCompile>
    <ClCompile Include="sys_ded.cpp">
      <Filter>Source Files</Filter>
    </ClCompile>
    <ClCompile Include="sys_linux.cpp">
      <Filter>Source Files</Filter>
    </ClCompile>
    <ClCompile Include="sys_windows.cpp">
      <Filter>Source Files</Filter>
    </ClCompile>
    <ClCompile Include="console\conproc.cpp">
      <Filter>Source Files\Console</Filter>
    </ClCompile>
    <ClCompile Include="console\textconsole.cpp">
      <Filter>Source Files\Console</Filter>
    </ClCompile>
    <ClCompile Include="console\TextConsoleWin32.cpp">
      <Filter>Source Files\Console</Filter>
    </ClCompile>
    <ClCompile Include="vgui\CreateMultiplayerGameServerPage.cpp">
      <Filter>Source Files\VGUI</Filter>
    </ClCompile>
    <ClCompile Include="vgui\MainPanel.cpp">
      <Filter>Source Files\VGUI</Filter>
    </ClCompile>
    <ClCompile Include="..\public\vgui_controls\vgui_controls.cpp">
      <Filter>Source Files\VGUI</Filter>
    </ClCompile>
    <ClCompile Include="vgui\vguihelpers.cpp">
      <Filter>Source Files\VGUI</Filter>
    </ClCompile>
    <ClCompile Include="..\filesystem\basefilesystem.cpp">
      <Filter>Source Files\FileSystem</Filter>
    </ClCompile>
    <ClCompile Include="..\filesystem\filesystem_async.cpp">
      <Filter>Source Files\FileSystem</Filter>
    </ClCompile>
    <ClCompile Include="..\filesystem\filesystem_stdio.cpp">
      <Filter>Source Files\FileSystem</Filter>
    </ClCompile>
    <ClCompile Include="..\filesystem\filesystem_steam.cpp">
      <Filter>Source Files\FileSystem</Filter>
    </ClCompile>
    <ClCompile Include="..\filesystem\filetracker.cpp">
      <Filter>Source Files\FileSystem</Filter>
    </ClCompile>
    <ClCompile Include="..\public\zip_utils.cpp">
      <Filter>Source Files\FileSystem</Filter>
    </ClCompile>
  </ItemGroup>
  <ItemGroup>
    <Library Include="..\lib\public\appframework.lib">
      <Filter>Link Libraries</Filter>
    </Library>
    <Library Include="..\lib\public\mathlib.lib">
      <Filter>Link Libraries</Filter>
    </Library>
    <Library Include="..\lib\public\tier0.lib">
      <Filter>Link Libraries</Filter>
    </Library>
    <Library Include="..\lib\public\tier1.lib">
      <Filter>Link Libraries</Filter>
    </Library>
    <Library Include="..\lib\public\tier2.lib">
      <Filter>Link Libraries</Filter>
    </Library>
    <Library Include="..\lib\public\tier3.lib">
      <Filter>Link Libraries</Filter>
    </Library>
    <Library Include="..\lib\public\vgui_controls.lib">
      <Filter>Link Libraries</Filter>
    </Library>
    <Library Include="..\lib\public\vstdlib.lib">
      <Filter>Link Libraries</Filter>
    </Library>
  </ItemGroup>
  <ItemGroup>
    <None Include="dedicated.vpc">
      <Filter>Resources</Filter>
    </None>
  </ItemGroup>
  <ItemGroup>
    <ClInclude Include="..\public\tier0\basetypes.h">
      <Filter>Header Files</Filter>
    </ClInclude>
    <ClInclude Include="..\public\commonmacros.h">
      <Filter>Header Files</Filter>
    </ClInclude>
    <ClInclude Include="..\public\tier0\dbg.h">
      <Filter>Header Files</Filter>
    </ClInclude>
    <ClInclude Include="dedicated.h">
      <Filter>Header Files</Filter>
    </ClInclude>
    <ClInclude Include="..\public\engine_hlds_api.h">
      <Filter>Header Files</Filter>
    </ClInclude>
    <ClInclude Include="..\public\tier0\fasttimer.h">
      <Filter>Header Files</Filter>
    </ClInclude>
    <ClInclude Include="..\public\filesystem.h">
      <Filter>Header Files</Filter>
    </ClInclude>
    <ClInclude Include="..\filesystem\filetracker.h">
      <Filter>Header Files</Filter>
    </ClInclude>
    <ClInclude Include="..\common\IAdminServer.h">
      <Filter>Header Files</Filter>
    </ClInclude>
    <ClInclude Include="..\public\appframework\IAppSystem.h">
      <Filter>Header Files</Filter>
    </ClInclude>
    <ClInclude Include="..\public\vstdlib\ICommandLine.h">
      <Filter>Header Files</Filter>
    </ClInclude>
    <ClInclude Include="..\public\idedicatedexports.h">
      <Filter>Header Files</Filter>
    </ClInclude>
    <ClInclude Include="..\public\ifilelist.h">
      <Filter>Header Files</Filter>
    </ClInclude>
    <ClInclude Include="..\common\IManageServer.h">
      <Filter>Header Files</Filter>
    </ClInclude>
    <ClInclude Include="..\public\tier1\interface.h">
      <Filter>Header Files</Filter>
    </ClInclude>
    <ClInclude Include="isys.h">
      <Filter>Header Files</Filter>
    </ClInclude>
    <ClInclude Include="..\public\mathlib\mathlib.h">
      <Filter>Header Files</Filter>
    </ClInclude>
    <ClInclude Include="..\common\netapi.h">
      <Filter>Header Files</Filter>
    </ClInclude>
    <ClInclude Include="..\public\tier0\platform.h">
      <Filter>Header Files</Filter>
    </ClInclude>
    <ClInclude Include="..\public\protected_things.h">
      <Filter>Header Files</Filter>
    </ClInclude>
    <ClInclude Include="..\common\SteamAppStartup.h">
      <Filter>Header Files</Filter>
    </ClInclude>
    <ClInclude Include="..\public\string_t.h">
      <Filter>Header Files</Filter>
    </ClInclude>
    <ClInclude Include="..\public\vstdlib\strtools.h">
      <Filter>Header Files</Filter>
    </ClInclude>
    <ClInclude Include="..\filesystem\threadsaferefcountedobject.h">
      <Filter>Header Files</Filter>
    </ClInclude>
    <ClInclude Include="..\public\tier0\vcr_shared.h">
      <Filter>Header Files</Filter>
    </ClInclude>
    <ClInclude Include="..\public\tier0\vcrmode.h">
      <Filter>Header Files</Filter>
    </ClInclude>
    <ClInclude Include="..\public\mathlib\vector.h">
      <Filter>Header Files</Filter>
    </ClInclude>
    <ClInclude Include="..\public\mathlib\vector2d.h">
      <Filter>Header Files</Filter>
    </ClInclude>
    <ClInclude Include="..\public\vstdlib\vstdlib.h">
      <Filter>Header Files</Filter>
    </ClInclude>
    <ClInclude Include="console\conproc.h">
      <Filter>Header Files\Console Headers</Filter>
    </ClInclude>
    <ClInclude Include="..\common\IObjectContainer.h">
      <Filter>Header Files\Console Headers</Filter>
    </ClInclude>
    <ClInclude Include="console\ObjectList.h">
      <Filter>Header Files\Console Headers</Filter>
    </ClInclude>
    <ClInclude Include="console\textconsole.h">
      <Filter>Header Files\Console Headers</Filter>
    </ClInclude>
    <ClInclude Include="console\TextConsoleWin32.h">
      <Filter>Header Files\Console Headers</Filter>
    </ClInclude>
    <ClInclude Include="vgui\CreateMultiplayerGameServerPage.h">
      <Filter>Header Files\VGUI Headers</Filter>
    </ClInclude>
    <ClInclude Include="vgui\MainPanel.h">
      <Filter>Header Files\VGUI Headers</Filter>
    </ClInclude>
    <ClInclude Include="vgui\vguihelpers.h">
      <Filter>Header Files\VGUI Headers</Filter>
    </ClInclude>
  </ItemGroup>
</Project>