<?xml version="1.0" encoding="utf-8"?>
<Project ToolsVersion="4.0" xmlns="http://schemas.microsoft.com/developer/msbuild/2003">
  <ItemGroup>
    <Filter Include="Source Files">
      <UniqueIdentifier>{44b1ee05-d31f-456b-932b-3b8a161ee75e}</UniqueIdentifier>
    </Filter>
    <Filter Include="Resources">
      <UniqueIdentifier>{5209bb02-cd27-42a3-8dd2-f1ec3e05686a}</UniqueIdentifier>
    </Filter>
    <Filter Include="Header Files">
      <UniqueIdentifier>{0fac9515-9d03-4f5f-8ec1-ed34beb098c9}</UniqueIdentifier>
    </Filter>
  </ItemGroup>
  <ItemGroup>
    <ClCompile Include="choreoutils.cpp">
      <Filter>Source Files</Filter>
    </ClCompile>
    <ClCompile Include="scenetokenprocessor.cpp">
      <Filter>Source Files</Filter>
    </ClCompile>
    <ClCompile Include="studiohdrstub.cpp">
      <Filter>Source Files</Filter>
    </ClCompile>
    <ClCompile Include="tier3.cpp">
      <Filter>Source Files</Filter>
    </ClCompile>
  </ItemGroup>
  <ItemGroup>
    <None Include="tier3.vpc">
      <Filter>Resources</Filter>
    </None>
  </ItemGroup>
  <ItemGroup>
    <ClInclude Include="..\public\tier3\choreoutils.h">
      <Filter>Header Files</Filter>
    </ClInclude>
    <ClInclude Include="..\public\tier3\scenetokenprocessor.h">
      <Filter>Header Files</Filter>
    </ClInclude>
    <ClInclude Include="..\public\tier3\tier3.h">
      <Filter>Header Files</Filter>
    </ClInclude>
  </ItemGroup>
</Project>