<?xml version="1.0" encoding="utf-8"?>
<Project ToolsVersion="4.0" xmlns="http://schemas.microsoft.com/developer/msbuild/2003">
  <ItemGroup>
    <Filter Include="Source Files">
      <UniqueIdentifier>{11d913d3-a0f7-4d09-b031-41007c3a26a7}</UniqueIdentifier>
    </Filter>
    <Filter Include="Link Libraries">
      <UniqueIdentifier>{75c95af9-b519-4f83-bc97-4d64ed399947}</UniqueIdentifier>
    </Filter>
    <Filter Include="Resources">
      <UniqueIdentifier>{902e702f-a330-4bfd-bd83-2aaae5f18d5b}</UniqueIdentifier>
    </Filter>
    <Filter Include="Header Files">
      <UniqueIdentifier>{134f443a-f036-4858-9030-4bcf70eb78c3}</UniqueIdentifier>
    </Filter>
    <Filter Include="Interface">
      <UniqueIdentifier>{6141cd3a-b2f0-47bc-8f00-03fd7afb9280}</UniqueIdentifier>
    </Filter>
  </ItemGroup>
  <ItemGroup>
    <ClCompile Include="avi.cpp">
      <Filter>Source Files</Filter>
    </ClCompile>
    <ClCompile Include="bink.cpp">
      <Filter>Source Files</Filter>
    </ClCompile>
    <ClCompile Include="..\public\tier0\memoverride.cpp">
      <Filter>Source Files</Filter>
    </ClCompile>
  </ItemGroup>
  <ItemGroup>
    <Library Include="..\lib\public\tier0.lib">
      <Filter>Link Libraries</Filter>
    </Library>
    <Library Include="..\lib\public\tier1.lib">
      <Filter>Link Libraries</Filter>
    </Library>
    <Library Include="..\lib\public\vstdlib.lib">
      <Filter>Link Libraries</Filter>
    </Library>
    <Library Include="..\lib\common\binkw32.lib" />
    <Library Include="..\lib\public\tier2.lib" />
    <Library Include="..\lib\public\tier3.lib" />
  </ItemGroup>
  <ItemGroup>
    <None Include="valve_avi.vpc">
      <Filter>Resources</Filter>
    </None>
  </ItemGroup>
  <ItemGroup>
    <ClInclude Include="avi.h">
      <Filter>Header Files</Filter>
    </ClInclude>
    <ClInclude Include="..\binksdk\bink.h">
      <Filter>Header Files</Filter>
    </ClInclude>
    <ClInclude Include="..\public\pixelwriter.h">
      <Filter>Header Files</Filter>
    </ClInclude>
    <ClInclude Include="..\public\avi\iavi.h">
      <Filter>Interface</Filter>
    </ClInclude>
    <ClInclude Include="..\public\avi\ibik.h">
      <Filter>Interface</Filter>
    </ClInclude>
  </ItemGroup>
</Project>