<?xml version="1.0" encoding="utf-8"?>
<Project ToolsVersion="4.0" xmlns="http://schemas.microsoft.com/developer/msbuild/2003">
  <ItemGroup>
    <Filter Include="Source Files">
      <UniqueIdentifier>{7c4fb3b8-bfea-4c0b-be2a-8339293dd43c}</UniqueIdentifier>
    </Filter>
    <Filter Include="Source Files\remove me when VAC2 is out">
      <UniqueIdentifier>{5b863550-7f4f-4078-b3fd-6019b2a87d0a}</UniqueIdentifier>
    </Filter>
    <Filter Include="Link Libraries">
      <UniqueIdentifier>{9f0bb43c-5be0-41cf-a121-c44512780213}</UniqueIdentifier>
    </Filter>
    <Filter Include="Resources">
      <UniqueIdentifier>{7b4061e5-303d-4118-acfe-8f599b36761e}</UniqueIdentifier>
    </Filter>
  </ItemGroup>
  <ItemGroup>
    <ClCompile Include="core_dx7.cpp">
      <Filter>Source Files</Filter>
    </ClCompile>
    <ClCompile Include="filmdust_dx7.cpp">
      <Filter>Source Files</Filter>
    </ClCompile>
    <ClCompile Include="filmgrain_dx7.cpp">
      <Filter>Source Files</Filter>
    </ClCompile>
    <ClCompile Include="..\..\public\tier0\memoverride.cpp">
      <Filter>Source Files</Filter>
    </ClCompile>
    <ClCompile Include="shatteredglass_dx7.cpp">
      <Filter>Source Files</Filter>
    </ClCompile>
    <ClCompile Include="vertexlitgeneric_dx7.cpp">
      <Filter>Source Files</Filter>
    </ClCompile>
    <ClCompile Include="vortwarp_dx7.cpp">
      <Filter>Source Files</Filter>
    </ClCompile>
    <ClCompile Include="..\..\tier1\checksum_crc.cpp">
      <Filter>Source Files\remove me when VAC2 is out</Filter>
    </ClCompile>
    <ClCompile Include="..\..\tier1\checksum_md5.cpp">
      <Filter>Source Files\remove me when VAC2 is out</Filter>
    </ClCompile>
    <ClCompile Include="..\shader_dll_verify.cpp">
      <Filter>Source Files\remove me when VAC2 is out</Filter>
    </ClCompile>
  </ItemGroup>
  <ItemGroup>
    <ClInclude Include="..\shader_dll_verify.h">
      <Filter>Source Files\remove me when VAC2 is out</Filter>
    </ClInclude>
  </ItemGroup>
  <ItemGroup>
    <Library Include="..\..\lib\public\mathlib.lib">
      <Filter>Link Libraries</Filter>
    </Library>
    <Library Include="..\..\lib\public\shaderlib.lib">
      <Filter>Link Libraries</Filter>
    </Library>
    <Library Include="..\..\lib\public\tier0.lib">
      <Filter>Link Libraries</Filter>
    </Library>
    <Library Include="..\..\lib\public\tier1.lib">
      <Filter>Link Libraries</Filter>
    </Library>
    <Library Include="..\..\lib\public\vstdlib.lib">
      <Filter>Link Libraries</Filter>
    </Library>
  </ItemGroup>
  <ItemGroup>
    <None Include="stdshader_dx7.vpc">
      <Filter>Resources</Filter>
    </None>
  </ItemGroup>
</Project>